Microsoft Visual Studio Solution File, Format Version 12.00
# Visual Studio Version 17
VisualStudioVersion = 17.5.2.0
MinimumVisualStudioVersion = 10.0.40219.1
Project("{2150E333-8FDC-42A3-9474-1A3956D46DE8}") = "core-csharp-practice", "core-csharp-practice", "{016F927A-BB75-AA9E-A53E-92BB7EA9120C}"
EndProject
Project("{2150E333-8FDC-42A3-9474-1A3956D46DE8}") = "scenario-based", "scenario-based", "{D41C2142-8A4D-8F9C-9BA7-9CB7A07F4AF3}"
EndProject
Project("{FAE04EC0-301F-11D3-BF4B-00C04F79EFBC}") = "EmployeeWage", "core-csharp-practice\scenario-based\EmployeeWage\EmployeeWage.csproj", "{0D1BA4AC-A39D-680A-387B-B0CDF4936927}"
EndProject
Global
	GlobalSection(SolutionConfigurationPlatforms) = preSolution
		Debug|Any CPU = Debug|Any CPU
		Release|Any CPU = Release|Any CPU
	EndGlobalSection
	GlobalSection(ProjectConfigurationPlatforms) = postSolution
		{0D1BA4AC-A39D-680A-387B-B0CDF4936927}.Debug|Any CPU.ActiveCfg = Debug|Any CPU
		{0D1BA4AC-A39D-680A-387B-B0CDF4936927}.Debug|Any CPU.Build.0 = Debug|Any CPU
		{0D1BA4AC-A39D-680A-387B-B0CDF4936927}.Release|Any CPU.ActiveCfg = Release|Any CPU
		{0D1BA4AC-A39D-680A-387B-B0CDF4936927}.Release|Any CPU.Build.0 = Release|Any CPU
	EndGlobalSection
	GlobalSection(SolutionProperties) = preSolution
		HideSolutionNode = FALSE
	EndGlobalSection
	GlobalSection(NestedProjects) = preSolution
		{D41C2142-8A4D-8F9C-9BA7-9CB7A07F4AF3} = {016F927A-BB75-AA9E-A53E-92BB7EA9120C}
		{0D1BA4AC-A39D-680A-387B-B0CDF4936927} = {D41C2142-8A4D-8F9C-9BA7-9CB7A07F4AF3}
	EndGlobalSection
	GlobalSection(ExtensibilityGlobals) = postSolution
		SolutionGuid = {67EC1DB9-564B-4401-89CF-089158DEEC32}
	EndGlobalSection
EndGlobal
