Microsoft Visual Studio Solution File, Format Version 12.00
# Visual Studio Version 17
VisualStudioVersion = 17.5.2.0
MinimumVisualStudioVersion = 10.0.40219.1
Project("{FAE04EC0-301F-11D3-BF4B-00C04F79EFBC}") = "SmartWarehouse", "SmartWarehouse\SmartWarehouse.csproj", "{C5F4D01F-0A90-C55D-A950-9FAD42FFDBA9}"
EndProject
Global
	GlobalSection(SolutionConfigurationPlatforms) = preSolution
		Debug|Any CPU = Debug|Any CPU
		Release|Any CPU = Release|Any CPU
	EndGlobalSection
	GlobalSection(ProjectConfigurationPlatforms) = postSolution
		{C5F4D01F-0A90-C55D-A950-9FAD42FFDBA9}.Debug|Any CPU.ActiveCfg = Debug|Any CPU
		{C5F4D01F-0A90-C55D-A950-9FAD42FFDBA9}.Debug|Any CPU.Build.0 = Debug|Any CPU
		{C5F4D01F-0A90-C55D-A950-9FAD42FFDBA9}.Release|Any CPU.ActiveCfg = Release|Any CPU
		{C5F4D01F-0A90-C55D-A950-9FAD42FFDBA9}.Release|Any CPU.Build.0 = Release|Any CPU
	EndGlobalSection
	GlobalSection(SolutionProperties) = preSolution
		HideSolutionNode = FALSE
	EndGlobalSection
	GlobalSection(ExtensibilityGlobals) = postSolution
		SolutionGuid = {DD844285-F206-4A4F-928A-981E781662CE}
	EndGlobalSection
EndGlobal
